// !$*UTF8*$!
{
	archiveVersion = 1;
	classes = {
	};
	objectVersion = 52;
	objects = {

/* Begin PBXBuildFile section */
		6830A59A22C51C9D00C62108 /* AppDelegate.swift in Sources */ = {isa = PBXBuildFile; fileRef = 6830A59922C51C9D00C62108 /* AppDelegate.swift */; };
		6830A5A122C51C9E00C62108 /* Icons.xcassets in Resources */ = {isa = PBXBuildFile; fileRef = 6830A5A022C51C9E00C62108 /* Icons.xcassets */; };
		6830A5A422C51C9E00C62108 /* LaunchScreen.storyboard in Resources */ = {isa = PBXBuildFile; fileRef = 6830A5A222C51C9E00C62108 /* LaunchScreen.storyboard */; };
		9E6775DD9CDE5A23A617C0FD /* Pods_PTC_IOS_TEST.framework in Frameworks */ = {isa = PBXBuildFile; fileRef = D8FA8EEC09099328C2ABD529 /* Pods_PTC_IOS_TEST.framework */; };
		C719DB5826F67AE900C6CE7D /* ProductDetailsCollectionViewCell.swift in Sources */ = {isa = PBXBuildFile; fileRef = C719DB5626F67AE900C6CE7D /* ProductDetailsCollectionViewCell.swift */; };
		C719DB5926F67AE900C6CE7D /* ProductDetailsCollectionViewCell.xib in Resources */ = {isa = PBXBuildFile; fileRef = C719DB5726F67AE900C6CE7D /* ProductDetailsCollectionViewCell.xib */; };
		C719DB5B26F67B8400C6CE7D /* ProductDetails.swift in Sources */ = {isa = PBXBuildFile; fileRef = C719DB5A26F67B8400C6CE7D /* ProductDetails.swift */; };
		C719DB5D26F6886600C6CE7D /* ProducrDetailsViewModel.swift in Sources */ = {isa = PBXBuildFile; fileRef = C719DB5C26F6886600C6CE7D /* ProducrDetailsViewModel.swift */; };
		C75E11A326F6B17F001047AA /* PTC_IOS_TEST_Tests.swift in Sources */ = {isa = PBXBuildFile; fileRef = C75E11A226F6B17F001047AA /* PTC_IOS_TEST_Tests.swift */; };
		C75E11AC26F6C0BB001047AA /* backGround.gif in Resources */ = {isa = PBXBuildFile; fileRef = C75E11AB26F6C0BB001047AA /* backGround.gif */; };
		C75E11AE26F6C0CE001047AA /* loading.gif in Resources */ = {isa = PBXBuildFile; fileRef = C75E11AD26F6C0CE001047AA /* loading.gif */; };
		C760EB9D26F4565000D8FA87 /* UserDataManager.swift in Sources */ = {isa = PBXBuildFile; fileRef = C760EB9C26F4565000D8FA87 /* UserDataManager.swift */; };
		C760EBA126F458BC00D8FA87 /* CustomSplashViewController.swift in Sources */ = {isa = PBXBuildFile; fileRef = C760EB9F26F458BC00D8FA87 /* CustomSplashViewController.swift */; };
		C760EBA226F458BC00D8FA87 /* CustomSplashViewController.xib in Resources */ = {isa = PBXBuildFile; fileRef = C760EBA026F458BC00D8FA87 /* CustomSplashViewController.xib */; };
		C760EBA626F45E9500D8FA87 /* CustomSplashViewModel.swift in Sources */ = {isa = PBXBuildFile; fileRef = C760EBA526F45E9500D8FA87 /* CustomSplashViewModel.swift */; };
		C760EBA926F45F0100D8FA87 /* RxSwift in Frameworks */ = {isa = PBXBuildFile; productRef = C760EBA826F45F0100D8FA87 /* RxSwift */; };
		C760EBAB26F45F0100D8FA87 /* RxCocoa in Frameworks */ = {isa = PBXBuildFile; productRef = C760EBAA26F45F0100D8FA87 /* RxCocoa */; };
		C760EBAD26F4808800D8FA87 /* Colors.xcassets in Resources */ = {isa = PBXBuildFile; fileRef = C760EBAC26F4808800D8FA87 /* Colors.xcassets */; };
		C760EBB426F482DB00D8FA87 /* Product.swift in Sources */ = {isa = PBXBuildFile; fileRef = C760EBB326F482DB00D8FA87 /* Product.swift */; };
		C760EBBC26F49CDB00D8FA87 /* AppCoordinator.swift in Sources */ = {isa = PBXBuildFile; fileRef = C760EBBB26F49CDB00D8FA87 /* AppCoordinator.swift */; };
		C760EBBE26F4A83500D8FA87 /* CustomSplashCoordinator.swift in Sources */ = {isa = PBXBuildFile; fileRef = C760EBBD26F4A83500D8FA87 /* CustomSplashCoordinator.swift */; };
		C760EBC126F4B28F00D8FA87 /* SearchForProductCoordinator.swift in Sources */ = {isa = PBXBuildFile; fileRef = C760EBC026F4B28F00D8FA87 /* SearchForProductCoordinator.swift */; };
		C760EBC326F4BD9B00D8FA87 /* SearchForProductViewModel.swift in Sources */ = {isa = PBXBuildFile; fileRef = C760EBC226F4BD9B00D8FA87 /* SearchForProductViewModel.swift */; };
		C760EBC726F4CDD600D8FA87 /* SearchViewController.swift in Sources */ = {isa = PBXBuildFile; fileRef = C760EBC526F4CDD600D8FA87 /* SearchViewController.swift */; };
		C760EBC826F4CDD600D8FA87 /* SearchViewController.xib in Resources */ = {isa = PBXBuildFile; fileRef = C760EBC626F4CDD600D8FA87 /* SearchViewController.xib */; };
		C760EBCE26F4E88400D8FA87 /* ProductsViewController.swift in Sources */ = {isa = PBXBuildFile; fileRef = C760EBCC26F4E88400D8FA87 /* ProductsViewController.swift */; };
		C760EBCF26F4E88400D8FA87 /* ProductsViewController.xib in Resources */ = {isa = PBXBuildFile; fileRef = C760EBCD26F4E88400D8FA87 /* ProductsViewController.xib */; };
		C760EBD326F4E8C900D8FA87 /* ProductCollectionViewCell.swift in Sources */ = {isa = PBXBuildFile; fileRef = C760EBD126F4E8C900D8FA87 /* ProductCollectionViewCell.swift */; };
		C760EBD426F4E8C900D8FA87 /* ProductCollectionViewCell.xib in Resources */ = {isa = PBXBuildFile; fileRef = C760EBD226F4E8C900D8FA87 /* ProductCollectionViewCell.xib */; };
		C760EBD626F4EED900D8FA87 /* StarRatingView.swift in Sources */ = {isa = PBXBuildFile; fileRef = C760EBD526F4EED900D8FA87 /* StarRatingView.swift */; };
		C760EBD926F4F19900D8FA87 /* UIView+Extension.swift in Sources */ = {isa = PBXBuildFile; fileRef = C760EBD826F4F19900D8FA87 /* UIView+Extension.swift */; };
		C762749B26F6664400B5EFAC /* ProductDetailsViewController.swift in Sources */ = {isa = PBXBuildFile; fileRef = C762749926F6664400B5EFAC /* ProductDetailsViewController.swift */; };
		C762749C26F6664400B5EFAC /* ProductDetailsViewController.xib in Resources */ = {isa = PBXBuildFile; fileRef = C762749A26F6664400B5EFAC /* ProductDetailsViewController.xib */; };
		C762749F26F6666500B5EFAC /* ProductDetailsCoordinator.swift in Sources */ = {isa = PBXBuildFile; fileRef = C762749E26F6666500B5EFAC /* ProductDetailsCoordinator.swift */; };
		C768D77526F59BFE00815FFF /* UIImageView+Eextension.swift in Sources */ = {isa = PBXBuildFile; fileRef = C768D77426F59BFE00815FFF /* UIImageView+Eextension.swift */; };
		C768D77726F5A7D100815FFF /* UIString+Extension.swift in Sources */ = {isa = PBXBuildFile; fileRef = C768D77626F5A7D100815FFF /* UIString+Extension.swift */; };
		C768D77A26F5A9ED00815FFF /* ProductsViewModel.swift in Sources */ = {isa = PBXBuildFile; fileRef = C768D77926F5A9ED00815FFF /* ProductsViewModel.swift */; };
		C768D77D26F5AB3D00815FFF /* ProductsAPIClient.swift in Sources */ = {isa = PBXBuildFile; fileRef = C768D77C26F5AB3D00815FFF /* ProductsAPIClient.swift */; };
		C768D78026F5DE6800815FFF /* ProductsCoordinator.swift in Sources */ = {isa = PBXBuildFile; fileRef = C768D77F26F5DE6800815FFF /* ProductsCoordinator.swift */; };
		C768D78226F6092100815FFF /* CustomFlowLayout.swift in Sources */ = {isa = PBXBuildFile; fileRef = C768D78126F6092100815FFF /* CustomFlowLayout.swift */; };
		C768D78426F6199D00815FFF /* ReactiveExtensiones.swift in Sources */ = {isa = PBXBuildFile; fileRef = C768D78326F6199D00815FFF /* ReactiveExtensiones.swift */; };
		C7722EAF26F3EC03005FD41E /* Endpoints.swift in Sources */ = {isa = PBXBuildFile; fileRef = C7722EAD26F3EC03005FD41E /* Endpoints.swift */; };
		C7722EB026F3EC03005FD41E /* RouterRequestConvertible.swift in Sources */ = {isa = PBXBuildFile; fileRef = C7722EAE26F3EC03005FD41E /* RouterRequestConvertible.swift */; };
		C7722EB326F3EC49005FD41E /* BaseAPIClient.swift in Sources */ = {isa = PBXBuildFile; fileRef = C7722EB226F3EC49005FD41E /* BaseAPIClient.swift */; };
		C7722EB626F3EC81005FD41E /* ConfigurationAPIClient.swift in Sources */ = {isa = PBXBuildFile; fileRef = C7722EB526F3EC81005FD41E /* ConfigurationAPIClient.swift */; };
		C7722EB826F3F12E005FD41E /* Environment.swift in Sources */ = {isa = PBXBuildFile; fileRef = C7722EB726F3F12D005FD41E /* Environment.swift */; };
		C7722EBC26F3F1CA005FD41E /* Configuration.swift in Sources */ = {isa = PBXBuildFile; fileRef = C7722EBB26F3F1CA005FD41E /* Configuration.swift */; };
/* End PBXBuildFile section */

/* Begin PBXContainerItemProxy section */
		C75E11A526F6B17F001047AA /* PBXContainerItemProxy */ = {
			isa = PBXContainerItemProxy;
			containerPortal = 6830A58E22C51C9D00C62108 /* Project object */;
			proxyType = 1;
			remoteGlobalIDString = 6830A59522C51C9D00C62108;
			remoteInfo = PTC_IOS_TEST;
		};
/* End PBXContainerItemProxy section */

/* Begin PBXFileReference section */
		6830A59622C51C9D00C62108 /* PTC_IOS_TEST.app */ = {isa = PBXFileReference; explicitFileType = wrapper.application; includeInIndex = 0; path = PTC_IOS_TEST.app; sourceTree = BUILT_PRODUCTS_DIR; };
		6830A59922C51C9D00C62108 /* AppDelegate.swift */ = {isa = PBXFileReference; lastKnownFileType = sourcecode.swift; path = AppDelegate.swift; sourceTree = "<group>"; };
		6830A5A022C51C9E00C62108 /* Icons.xcassets */ = {isa = PBXFileReference; lastKnownFileType = folder.assetcatalog; path = Icons.xcassets; sourceTree = "<group>"; };
		6830A5A322C51C9E00C62108 /* Base */ = {isa = PBXFileReference; lastKnownFileType = file.storyboard; name = Base; path = Base.lproj/LaunchScreen.storyboard; sourceTree = "<group>"; };
		6830A5A522C51C9E00C62108 /* Info.plist */ = {isa = PBXFileReference; lastKnownFileType = text.plist.xml; path = Info.plist; sourceTree = "<group>"; };
		C719DB5626F67AE900C6CE7D /* ProductDetailsCollectionViewCell.swift */ = {isa = PBXFileReference; lastKnownFileType = sourcecode.swift; path = ProductDetailsCollectionViewCell.swift; sourceTree = "<group>"; };
		C719DB5726F67AE900C6CE7D /* ProductDetailsCollectionViewCell.xib */ = {isa = PBXFileReference; lastKnownFileType = file.xib; path = ProductDetailsCollectionViewCell.xib; sourceTree = "<group>"; };
		C719DB5A26F67B8400C6CE7D /* ProductDetails.swift */ = {isa = PBXFileReference; lastKnownFileType = sourcecode.swift; path = ProductDetails.swift; sourceTree = "<group>"; };
		C719DB5C26F6886600C6CE7D /* ProducrDetailsViewModel.swift */ = {isa = PBXFileReference; lastKnownFileType = sourcecode.swift; path = ProducrDetailsViewModel.swift; sourceTree = "<group>"; };
		C75E11A026F6B17F001047AA /* PTC_IOS_TEST Tests.xctest */ = {isa = PBXFileReference; explicitFileType = wrapper.cfbundle; includeInIndex = 0; path = "PTC_IOS_TEST Tests.xctest"; sourceTree = BUILT_PRODUCTS_DIR; };
		C75E11A226F6B17F001047AA /* PTC_IOS_TEST_Tests.swift */ = {isa = PBXFileReference; lastKnownFileType = sourcecode.swift; path = PTC_IOS_TEST_Tests.swift; sourceTree = "<group>"; };
		C75E11A426F6B17F001047AA /* Info.plist */ = {isa = PBXFileReference; lastKnownFileType = text.plist.xml; path = Info.plist; sourceTree = "<group>"; };
		C75E11AB26F6C0BB001047AA /* backGround.gif */ = {isa = PBXFileReference; lastKnownFileType = image.gif; path = backGround.gif; sourceTree = "<group>"; };
		C75E11AD26F6C0CE001047AA /* loading.gif */ = {isa = PBXFileReference; lastKnownFileType = image.gif; path = loading.gif; sourceTree = "<group>"; };
		C760EB9C26F4565000D8FA87 /* UserDataManager.swift */ = {isa = PBXFileReference; lastKnownFileType = sourcecode.swift; path = UserDataManager.swift; sourceTree = "<group>"; };
		C760EB9F26F458BC00D8FA87 /* CustomSplashViewController.swift */ = {isa = PBXFileReference; lastKnownFileType = sourcecode.swift; path = CustomSplashViewController.swift; sourceTree = "<group>"; };
		C760EBA026F458BC00D8FA87 /* CustomSplashViewController.xib */ = {isa = PBXFileReference; lastKnownFileType = file.xib; path = CustomSplashViewController.xib; sourceTree = "<group>"; };
		C760EBA526F45E9500D8FA87 /* CustomSplashViewModel.swift */ = {isa = PBXFileReference; lastKnownFileType = sourcecode.swift; path = CustomSplashViewModel.swift; sourceTree = "<group>"; };
		C760EBAC26F4808800D8FA87 /* Colors.xcassets */ = {isa = PBXFileReference; lastKnownFileType = folder.assetcatalog; path = Colors.xcassets; sourceTree = "<group>"; };
		C760EBB326F482DB00D8FA87 /* Product.swift */ = {isa = PBXFileReference; lastKnownFileType = sourcecode.swift; path = Product.swift; sourceTree = "<group>"; };
		C760EBBB26F49CDB00D8FA87 /* AppCoordinator.swift */ = {isa = PBXFileReference; lastKnownFileType = sourcecode.swift; path = AppCoordinator.swift; sourceTree = "<group>"; };
		C760EBBD26F4A83500D8FA87 /* CustomSplashCoordinator.swift */ = {isa = PBXFileReference; lastKnownFileType = sourcecode.swift; path = CustomSplashCoordinator.swift; sourceTree = "<group>"; };
		C760EBC026F4B28F00D8FA87 /* SearchForProductCoordinator.swift */ = {isa = PBXFileReference; lastKnownFileType = sourcecode.swift; path = SearchForProductCoordinator.swift; sourceTree = "<group>"; };
		C760EBC226F4BD9B00D8FA87 /* SearchForProductViewModel.swift */ = {isa = PBXFileReference; lastKnownFileType = sourcecode.swift; path = SearchForProductViewModel.swift; sourceTree = "<group>"; };
		C760EBC526F4CDD600D8FA87 /* SearchViewController.swift */ = {isa = PBXFileReference; lastKnownFileType = sourcecode.swift; path = SearchViewController.swift; sourceTree = "<group>"; };
		C760EBC626F4CDD600D8FA87 /* SearchViewController.xib */ = {isa = PBXFileReference; lastKnownFileType = file.xib; path = SearchViewController.xib; sourceTree = "<group>"; };
		C760EBCC26F4E88400D8FA87 /* ProductsViewController.swift */ = {isa = PBXFileReference; lastKnownFileType = sourcecode.swift; path = ProductsViewController.swift; sourceTree = "<group>"; };
		C760EBCD26F4E88400D8FA87 /* ProductsViewController.xib */ = {isa = PBXFileReference; lastKnownFileType = file.xib; path = ProductsViewController.xib; sourceTree = "<group>"; };
		C760EBD126F4E8C900D8FA87 /* ProductCollectionViewCell.swift */ = {isa = PBXFileReference; lastKnownFileType = sourcecode.swift; path = ProductCollectionViewCell.swift; sourceTree = "<group>"; };
		C760EBD226F4E8C900D8FA87 /* ProductCollectionViewCell.xib */ = {isa = PBXFileReference; lastKnownFileType = file.xib; path = ProductCollectionViewCell.xib; sourceTree = "<group>"; };
		C760EBD526F4EED900D8FA87 /* StarRatingView.swift */ = {isa = PBXFileReference; fileEncoding = 4; lastKnownFileType = sourcecode.swift; path = StarRatingView.swift; sourceTree = "<group>"; };
		C760EBD826F4F19900D8FA87 /* UIView+Extension.swift */ = {isa = PBXFileReference; lastKnownFileType = sourcecode.swift; path = "UIView+Extension.swift"; sourceTree = "<group>"; };
		C762749926F6664400B5EFAC /* ProductDetailsViewController.swift */ = {isa = PBXFileReference; lastKnownFileType = sourcecode.swift; path = ProductDetailsViewController.swift; sourceTree = "<group>"; };
		C762749A26F6664400B5EFAC /* ProductDetailsViewController.xib */ = {isa = PBXFileReference; lastKnownFileType = file.xib; path = ProductDetailsViewController.xib; sourceTree = "<group>"; };
		C762749E26F6666500B5EFAC /* ProductDetailsCoordinator.swift */ = {isa = PBXFileReference; lastKnownFileType = sourcecode.swift; path = ProductDetailsCoordinator.swift; sourceTree = "<group>"; };
		C768D77426F59BFE00815FFF /* UIImageView+Eextension.swift */ = {isa = PBXFileReference; lastKnownFileType = sourcecode.swift; path = "UIImageView+Eextension.swift"; sourceTree = "<group>"; };
		C768D77626F5A7D100815FFF /* UIString+Extension.swift */ = {isa = PBXFileReference; lastKnownFileType = sourcecode.swift; path = "UIString+Extension.swift"; sourceTree = "<group>"; };
		C768D77926F5A9ED00815FFF /* ProductsViewModel.swift */ = {isa = PBXFileReference; lastKnownFileType = sourcecode.swift; path = ProductsViewModel.swift; sourceTree = "<group>"; };
		C768D77C26F5AB3D00815FFF /* ProductsAPIClient.swift */ = {isa = PBXFileReference; lastKnownFileType = sourcecode.swift; path = ProductsAPIClient.swift; sourceTree = "<group>"; };
		C768D77F26F5DE6800815FFF /* ProductsCoordinator.swift */ = {isa = PBXFileReference; lastKnownFileType = sourcecode.swift; path = ProductsCoordinator.swift; sourceTree = "<group>"; };
		C768D78126F6092100815FFF /* CustomFlowLayout.swift */ = {isa = PBXFileReference; lastKnownFileType = sourcecode.swift; path = CustomFlowLayout.swift; sourceTree = "<group>"; };
		C768D78326F6199D00815FFF /* ReactiveExtensiones.swift */ = {isa = PBXFileReference; fileEncoding = 4; lastKnownFileType = sourcecode.swift; path = ReactiveExtensiones.swift; sourceTree = "<group>"; };
		C7722EAD26F3EC03005FD41E /* Endpoints.swift */ = {isa = PBXFileReference; fileEncoding = 4; lastKnownFileType = sourcecode.swift; path = Endpoints.swift; sourceTree = "<group>"; };
		C7722EAE26F3EC03005FD41E /* RouterRequestConvertible.swift */ = {isa = PBXFileReference; fileEncoding = 4; lastKnownFileType = sourcecode.swift; path = RouterRequestConvertible.swift; sourceTree = "<group>"; };
		C7722EB226F3EC49005FD41E /* BaseAPIClient.swift */ = {isa = PBXFileReference; fileEncoding = 4; lastKnownFileType = sourcecode.swift; path = BaseAPIClient.swift; sourceTree = "<group>"; };
		C7722EB526F3EC81005FD41E /* ConfigurationAPIClient.swift */ = {isa = PBXFileReference; fileEncoding = 4; lastKnownFileType = sourcecode.swift; path = ConfigurationAPIClient.swift; sourceTree = "<group>"; };
		C7722EB726F3F12D005FD41E /* Environment.swift */ = {isa = PBXFileReference; fileEncoding = 4; lastKnownFileType = sourcecode.swift; path = Environment.swift; sourceTree = "<group>"; };
		C7722EBB26F3F1CA005FD41E /* Configuration.swift */ = {isa = PBXFileReference; lastKnownFileType = sourcecode.swift; path = Configuration.swift; sourceTree = "<group>"; };
		D8FA8EEC09099328C2ABD529 /* Pods_PTC_IOS_TEST.framework */ = {isa = PBXFileReference; explicitFileType = wrapper.framework; includeInIndex = 0; path = Pods_PTC_IOS_TEST.framework; sourceTree = BUILT_PRODUCTS_DIR; };
		F53062E365839F4ADEE67F0D /* Pods-PTC_IOS_TEST.release.xcconfig */ = {isa = PBXFileReference; includeInIndex = 1; lastKnownFileType = text.xcconfig; name = "Pods-PTC_IOS_TEST.release.xcconfig"; path = "Target Support Files/Pods-PTC_IOS_TEST/Pods-PTC_IOS_TEST.release.xcconfig"; sourceTree = "<group>"; };
		F74AB96EC3BCA3CA352C2314 /* Pods-PTC_IOS_TEST.debug.xcconfig */ = {isa = PBXFileReference; includeInIndex = 1; lastKnownFileType = text.xcconfig; name = "Pods-PTC_IOS_TEST.debug.xcconfig"; path = "Target Support Files/Pods-PTC_IOS_TEST/Pods-PTC_IOS_TEST.debug.xcconfig"; sourceTree = "<group>"; };
/* End PBXFileReference section */

/* Begin PBXFrameworksBuildPhase section */
		6830A59322C51C9D00C62108 /* Frameworks */ = {
			isa = PBXFrameworksBuildPhase;
			buildActionMask = 2147483647;
			files = (
				C760EBAB26F45F0100D8FA87 /* RxCocoa in Frameworks */,
				C760EBA926F45F0100D8FA87 /* RxSwift in Frameworks */,
				9E6775DD9CDE5A23A617C0FD /* Pods_PTC_IOS_TEST.framework in Frameworks */,
			);
			runOnlyForDeploymentPostprocessing = 0;
		};
		C75E119D26F6B17F001047AA /* Frameworks */ = {
			isa = PBXFrameworksBuildPhase;
			buildActionMask = 2147483647;
			files = (
			);
			runOnlyForDeploymentPostprocessing = 0;
		};
/* End PBXFrameworksBuildPhase section */

/* Begin PBXGroup section */
		6830A58D22C51C9D00C62108 = {
			isa = PBXGroup;
			children = (
				6830A59822C51C9D00C62108 /* PTC_IOS_TEST */,
				C75E11A126F6B17F001047AA /* PTC_IOS_TEST Tests */,
				6830A59722C51C9D00C62108 /* Products */,
				870E2679C2632E245F0FA59A /* Pods */,
				CAA08B9C7DF92C6F1960DE4C /* Frameworks */,
			);
			sourceTree = "<group>";
		};
		6830A59722C51C9D00C62108 /* Products */ = {
			isa = PBXGroup;
			children = (
				6830A59622C51C9D00C62108 /* PTC_IOS_TEST.app */,
				C75E11A026F6B17F001047AA /* PTC_IOS_TEST Tests.xctest */,
			);
			name = Products;
			sourceTree = "<group>";
		};
		6830A59822C51C9D00C62108 /* PTC_IOS_TEST */ = {
			isa = PBXGroup;
			children = (
				C75E11AB26F6C0BB001047AA /* backGround.gif */,
				C75E11AD26F6C0CE001047AA /* loading.gif */,
				C760EB9926F4546700D8FA87 /* Scenes */,
				C7722EAC26F3EB6E005FD41E /* NetworkManager */,
				C760EBBA26F49BEF00D8FA87 /* Core */,
				C760EB9826F4544800D8FA87 /* Configuration */,
				C760EBD726F4F18300D8FA87 /* Extensions */,
				C760EB9B26F4564100D8FA87 /* Utilities */,
				C760EB9426F4530500D8FA87 /* Resources */,
			);
			path = PTC_IOS_TEST;
			sourceTree = "<group>";
		};
		870E2679C2632E245F0FA59A /* Pods */ = {
			isa = PBXGroup;
			children = (
				F74AB96EC3BCA3CA352C2314 /* Pods-PTC_IOS_TEST.debug.xcconfig */,
				F53062E365839F4ADEE67F0D /* Pods-PTC_IOS_TEST.release.xcconfig */,
			);
			path = Pods;
			sourceTree = "<group>";
		};
		C719DB5526F67AA900C6CE7D /* ProductDetailsCollectionViewCell */ = {
			isa = PBXGroup;
			children = (
				C719DB5626F67AE900C6CE7D /* ProductDetailsCollectionViewCell.swift */,
				C719DB5726F67AE900C6CE7D /* ProductDetailsCollectionViewCell.xib */,
			);
			path = ProductDetailsCollectionViewCell;
			sourceTree = "<group>";
		};
		C75E11A126F6B17F001047AA /* PTC_IOS_TEST Tests */ = {
			isa = PBXGroup;
			children = (
				C75E11A226F6B17F001047AA /* PTC_IOS_TEST_Tests.swift */,
				C75E11A426F6B17F001047AA /* Info.plist */,
			);
			path = "PTC_IOS_TEST Tests";
			sourceTree = "<group>";
		};
		C760EB9426F4530500D8FA87 /* Resources */ = {
			isa = PBXGroup;
			children = (
				C760EB9526F4530D00D8FA87 /* Application */,
				C760EB9726F4542F00D8FA87 /* Assets */,
			);
			path = Resources;
			sourceTree = "<group>";
		};
		C760EB9526F4530D00D8FA87 /* Application */ = {
			isa = PBXGroup;
			children = (
				6830A59922C51C9D00C62108 /* AppDelegate.swift */,
				6830A5A222C51C9E00C62108 /* LaunchScreen.storyboard */,
			);
			path = Application;
			sourceTree = "<group>";
		};
		C760EB9726F4542F00D8FA87 /* Assets */ = {
			isa = PBXGroup;
			children = (
				6830A5A022C51C9E00C62108 /* Icons.xcassets */,
				C760EBAC26F4808800D8FA87 /* Colors.xcassets */,
			);
			path = Assets;
			sourceTree = "<group>";
		};
		C760EB9826F4544800D8FA87 /* Configuration */ = {
			isa = PBXGroup;
			children = (
				6830A5A522C51C9E00C62108 /* Info.plist */,
			);
			path = Configuration;
			sourceTree = "<group>";
		};
		C760EB9926F4546700D8FA87 /* Scenes */ = {
			isa = PBXGroup;
			children = (
				C760EB9A26F4546E00D8FA87 /* CustomSplash */,
				C760EBAE26F4822400D8FA87 /* Search */,
				C760EBCA26F4E84E00D8FA87 /* Products */,
				C762749426F665F000B5EFAC /* ProductDetails */,
			);
			path = Scenes;
			sourceTree = "<group>";
		};
		C760EB9A26F4546E00D8FA87 /* CustomSplash */ = {
			isa = PBXGroup;
			children = (
				C760EBB926F49AB000D8FA87 /* Coordinator */,
				C7722EB926F3F1A2005FD41E /* Model */,
				C760EBA326F4597400D8FA87 /* ViewModel */,
				C760EB9E26F4589B00D8FA87 /* View */,
			);
			path = CustomSplash;
			sourceTree = "<group>";
		};
		C760EB9B26F4564100D8FA87 /* Utilities */ = {
			isa = PBXGroup;
			children = (
				C760EBD526F4EED900D8FA87 /* StarRatingView.swift */,
				C760EB9C26F4565000D8FA87 /* UserDataManager.swift */,
				C768D78126F6092100815FFF /* CustomFlowLayout.swift */,
			);
			path = Utilities;
			sourceTree = "<group>";
		};
		C760EB9E26F4589B00D8FA87 /* View */ = {
			isa = PBXGroup;
			children = (
				C760EB9F26F458BC00D8FA87 /* CustomSplashViewController.swift */,
				C760EBA026F458BC00D8FA87 /* CustomSplashViewController.xib */,
			);
			path = View;
			sourceTree = "<group>";
		};
		C760EBA326F4597400D8FA87 /* ViewModel */ = {
			isa = PBXGroup;
			children = (
				C760EBA526F45E9500D8FA87 /* CustomSplashViewModel.swift */,
			);
			path = ViewModel;
			sourceTree = "<group>";
		};
		C760EBAE26F4822400D8FA87 /* Search */ = {
			isa = PBXGroup;
			children = (
				C760EBBF26F4B27A00D8FA87 /* Coordinator */,
				C760EBAF26F4824700D8FA87 /* View */,
				C760EBB026F4825A00D8FA87 /* ViewModel */,
			);
			path = Search;
			sourceTree = "<group>";
		};
		C760EBAF26F4824700D8FA87 /* View */ = {
			isa = PBXGroup;
			children = (
				C760EBC526F4CDD600D8FA87 /* SearchViewController.swift */,
				C760EBC626F4CDD600D8FA87 /* SearchViewController.xib */,
			);
			path = View;
			sourceTree = "<group>";
		};
		C760EBB026F4825A00D8FA87 /* ViewModel */ = {
			isa = PBXGroup;
			children = (
				C760EBC226F4BD9B00D8FA87 /* SearchForProductViewModel.swift */,
			);
			path = ViewModel;
			sourceTree = "<group>";
		};
		C760EBB126F4826200D8FA87 /* Model */ = {
			isa = PBXGroup;
			children = (
				C760EBB326F482DB00D8FA87 /* Product.swift */,
			);
			path = Model;
			sourceTree = "<group>";
		};
		C760EBB926F49AB000D8FA87 /* Coordinator */ = {
			isa = PBXGroup;
			children = (
				C760EBBD26F4A83500D8FA87 /* CustomSplashCoordinator.swift */,
			);
			path = Coordinator;
			sourceTree = "<group>";
		};
		C760EBBA26F49BEF00D8FA87 /* Core */ = {
			isa = PBXGroup;
			children = (
				C760EBBB26F49CDB00D8FA87 /* AppCoordinator.swift */,
			);
			path = Core;
			sourceTree = "<group>";
		};
		C760EBBF26F4B27A00D8FA87 /* Coordinator */ = {
			isa = PBXGroup;
			children = (
				C760EBC026F4B28F00D8FA87 /* SearchForProductCoordinator.swift */,
			);
			path = Coordinator;
			sourceTree = "<group>";
		};
		C760EBCA26F4E84E00D8FA87 /* Products */ = {
			isa = PBXGroup;
			children = (
				C768D77E26F5DE5400815FFF /* Coordinator */,
				C760EBB126F4826200D8FA87 /* Model */,
				C760EBCB26F4E86600D8FA87 /* View */,
				C768D77826F5A9D000815FFF /* ViewModel */,
			);
			path = Products;
			sourceTree = "<group>";
		};
		C760EBCB26F4E86600D8FA87 /* View */ = {
			isa = PBXGroup;
			children = (
				C760EBD026F4E88D00D8FA87 /* ProductCollectionViewCell */,
				C760EBCC26F4E88400D8FA87 /* ProductsViewController.swift */,
				C760EBCD26F4E88400D8FA87 /* ProductsViewController.xib */,
			);
			path = View;
			sourceTree = "<group>";
		};
		C760EBD026F4E88D00D8FA87 /* ProductCollectionViewCell */ = {
			isa = PBXGroup;
			children = (
				C760EBD126F4E8C900D8FA87 /* ProductCollectionViewCell.swift */,
				C760EBD226F4E8C900D8FA87 /* ProductCollectionViewCell.xib */,
			);
			path = ProductCollectionViewCell;
			sourceTree = "<group>";
		};
		C760EBD726F4F18300D8FA87 /* Extensions */ = {
			isa = PBXGroup;
			children = (
				C768D78326F6199D00815FFF /* ReactiveExtensiones.swift */,
				C760EBD826F4F19900D8FA87 /* UIView+Extension.swift */,
				C768D77426F59BFE00815FFF /* UIImageView+Eextension.swift */,
				C768D77626F5A7D100815FFF /* UIString+Extension.swift */,
			);
			path = Extensions;
			sourceTree = "<group>";
		};
		C762749426F665F000B5EFAC /* ProductDetails */ = {
			isa = PBXGroup;
			children = (
				C762749826F6661800B5EFAC /* Coordinator */,
				C762749726F6661300B5EFAC /* Model */,
				C762749626F6660D00B5EFAC /* View */,
				C762749526F6660300B5EFAC /* ViewModel */,
			);
			path = ProductDetails;
			sourceTree = "<group>";
		};
		C762749526F6660300B5EFAC /* ViewModel */ = {
			isa = PBXGroup;
			children = (
				C719DB5C26F6886600C6CE7D /* ProducrDetailsViewModel.swift */,
			);
			path = ViewModel;
			sourceTree = "<group>";
		};
		C762749626F6660D00B5EFAC /* View */ = {
			isa = PBXGroup;
			children = (
				C719DB5526F67AA900C6CE7D /* ProductDetailsCollectionViewCell */,
				C762749926F6664400B5EFAC /* ProductDetailsViewController.swift */,
				C762749A26F6664400B5EFAC /* ProductDetailsViewController.xib */,
			);
			path = View;
			sourceTree = "<group>";
		};
		C762749726F6661300B5EFAC /* Model */ = {
			isa = PBXGroup;
			children = (
				C719DB5A26F67B8400C6CE7D /* ProductDetails.swift */,
			);
			path = Model;
			sourceTree = "<group>";
		};
		C762749826F6661800B5EFAC /* Coordinator */ = {
			isa = PBXGroup;
			children = (
				C762749E26F6666500B5EFAC /* ProductDetailsCoordinator.swift */,
			);
			path = Coordinator;
			sourceTree = "<group>";
		};
		C768D77826F5A9D000815FFF /* ViewModel */ = {
			isa = PBXGroup;
			children = (
				C768D77926F5A9ED00815FFF /* ProductsViewModel.swift */,
			);
			path = ViewModel;
			sourceTree = "<group>";
		};
		C768D77B26F5AB1800815FFF /* ProductsAPIClient */ = {
			isa = PBXGroup;
			children = (
				C768D77C26F5AB3D00815FFF /* ProductsAPIClient.swift */,
			);
			path = ProductsAPIClient;
			sourceTree = "<group>";
		};
		C768D77E26F5DE5400815FFF /* Coordinator */ = {
			isa = PBXGroup;
			children = (
				C768D77F26F5DE6800815FFF /* ProductsCoordinator.swift */,
			);
			path = Coordinator;
			sourceTree = "<group>";
		};
		C7722EAC26F3EB6E005FD41E /* NetworkManager */ = {
			isa = PBXGroup;
			children = (
				C7722EB426F3EC4D005FD41E /* ConfigurationsAPIClient */,
				C768D77B26F5AB1800815FFF /* ProductsAPIClient */,
				C7722EB126F3EC1A005FD41E /* Base */,
				C7722EAD26F3EC03005FD41E /* Endpoints.swift */,
				C7722EB726F3F12D005FD41E /* Environment.swift */,
				C7722EAE26F3EC03005FD41E /* RouterRequestConvertible.swift */,
			);
			path = NetworkManager;
			sourceTree = "<group>";
		};
		C7722EB126F3EC1A005FD41E /* Base */ = {
			isa = PBXGroup;
			children = (
				C7722EB226F3EC49005FD41E /* BaseAPIClient.swift */,
			);
			path = Base;
			sourceTree = "<group>";
		};
		C7722EB426F3EC4D005FD41E /* ConfigurationsAPIClient */ = {
			isa = PBXGroup;
			children = (
				C7722EB526F3EC81005FD41E /* ConfigurationAPIClient.swift */,
			);
			path = ConfigurationsAPIClient;
			sourceTree = "<group>";
		};
		C7722EB926F3F1A2005FD41E /* Model */ = {
			isa = PBXGroup;
			children = (
				C7722EBB26F3F1CA005FD41E /* Configuration.swift */,
			);
			path = Model;
			sourceTree = "<group>";
		};
		CAA08B9C7DF92C6F1960DE4C /* Frameworks */ = {
			isa = PBXGroup;
			children = (
				D8FA8EEC09099328C2ABD529 /* Pods_PTC_IOS_TEST.framework */,
			);
			name = Frameworks;
			sourceTree = "<group>";
		};
/* End PBXGroup section */

/* Begin PBXNativeTarget section */
		6830A59522C51C9D00C62108 /* PTC_IOS_TEST */ = {
			isa = PBXNativeTarget;
			buildConfigurationList = 6830A5A822C51C9E00C62108 /* Build configuration list for PBXNativeTarget "PTC_IOS_TEST" */;
			buildPhases = (
				23BD9FDC0C73F5D23A34AF9A /* [CP] Check Pods Manifest.lock */,
				6830A59222C51C9D00C62108 /* Sources */,
				6830A59322C51C9D00C62108 /* Frameworks */,
				6830A59422C51C9D00C62108 /* Resources */,
				532DE6EAE6B0D865248FFD62 /* [CP] Embed Pods Frameworks */,
			);
			buildRules = (
			);
			dependencies = (
			);
			name = PTC_IOS_TEST;
			packageProductDependencies = (
				C760EBA826F45F0100D8FA87 /* RxSwift */,
				C760EBAA26F45F0100D8FA87 /* RxCocoa */,
			);
			productName = PTC_IOS_TEST;
			productReference = 6830A59622C51C9D00C62108 /* PTC_IOS_TEST.app */;
			productType = "com.apple.product-type.application";
		};
		C75E119F26F6B17F001047AA /* PTC_IOS_TEST Tests */ = {
			isa = PBXNativeTarget;
			buildConfigurationList = C75E11A926F6B17F001047AA /* Build configuration list for PBXNativeTarget "PTC_IOS_TEST Tests" */;
			buildPhases = (
				C75E119C26F6B17F001047AA /* Sources */,
				C75E119D26F6B17F001047AA /* Frameworks */,
				C75E119E26F6B17F001047AA /* Resources */,
			);
			buildRules = (
			);
			dependencies = (
				C75E11A626F6B17F001047AA /* PBXTargetDependency */,
			);
			name = "PTC_IOS_TEST Tests";
			productName = "PTC_IOS_TEST Tests";
			productReference = C75E11A026F6B17F001047AA /* PTC_IOS_TEST Tests.xctest */;
			productType = "com.apple.product-type.bundle.unit-test";
		};
/* End PBXNativeTarget section */

/* Begin PBXProject section */
		6830A58E22C51C9D00C62108 /* Project object */ = {
			isa = PBXProject;
			attributes = {
				LastSwiftUpdateCheck = 1170;
				LastUpgradeCheck = 1020;
				ORGANIZATIONNAME = Jumia;
				TargetAttributes = {
					6830A59522C51C9D00C62108 = {
						CreatedOnToolsVersion = 10.2.1;
					};
					C75E119F26F6B17F001047AA = {
						CreatedOnToolsVersion = 11.7;
						TestTargetID = 6830A59522C51C9D00C62108;
					};
				};
			};
			buildConfigurationList = 6830A59122C51C9D00C62108 /* Build configuration list for PBXProject "PTC_IOS_TEST" */;
			compatibilityVersion = "Xcode 9.3";
			developmentRegion = en;
			hasScannedForEncodings = 0;
			knownRegions = (
				en,
				Base,
			);
			mainGroup = 6830A58D22C51C9D00C62108;
			packageReferences = (
				C760EBA726F45F0100D8FA87 /* XCRemoteSwiftPackageReference "RxSwift" */,
			);
			productRefGroup = 6830A59722C51C9D00C62108 /* Products */;
			projectDirPath = "";
			projectRoot = "";
			targets = (
				6830A59522C51C9D00C62108 /* PTC_IOS_TEST */,
				C75E119F26F6B17F001047AA /* PTC_IOS_TEST Tests */,
			);
		};
/* End PBXProject section */

/* Begin PBXResourcesBuildPhase section */
		6830A59422C51C9D00C62108 /* Resources */ = {
			isa = PBXResourcesBuildPhase;
			buildActionMask = 2147483647;
			files = (
				6830A5A422C51C9E00C62108 /* LaunchScreen.storyboard in Resources */,
				C75E11AE26F6C0CE001047AA /* loading.gif in Resources */,
				C760EBC826F4CDD600D8FA87 /* SearchViewController.xib in Resources */,
				C760EBCF26F4E88400D8FA87 /* ProductsViewController.xib in Resources */,
				C760EBD426F4E8C900D8FA87 /* ProductCollectionViewCell.xib in Resources */,
				C760EBAD26F4808800D8FA87 /* Colors.xcassets in Resources */,
				C719DB5926F67AE900C6CE7D /* ProductDetailsCollectionViewCell.xib in Resources */,
				C760EBA226F458BC00D8FA87 /* CustomSplashViewController.xib in Resources */,
				C762749C26F6664400B5EFAC /* ProductDetailsViewController.xib in Resources */,
				C75E11AC26F6C0BB001047AA /* backGround.gif in Resources */,
				6830A5A122C51C9E00C62108 /* Icons.xcassets in Resources */,
			);
			runOnlyForDeploymentPostprocessing = 0;
		};
		C75E119E26F6B17F001047AA /* Resources */ = {
			isa = PBXResourcesBuildPhase;
			buildActionMask = 2147483647;
			files = (
			);
			runOnlyForDeploymentPostprocessing = 0;
		};
/* End PBXResourcesBuildPhase section */

/* Begin PBXShellScriptBuildPhase section */
		23BD9FDC0C73F5D23A34AF9A /* [CP] Check Pods Manifest.lock */ = {
			isa = PBXShellScriptBuildPhase;
			buildActionMask = 2147483647;
			files = (
			);
			inputFileListPaths = (
			);
			inputPaths = (
				"${PODS_PODFILE_DIR_PATH}/Podfile.lock",
				"${PODS_ROOT}/Manifest.lock",
			);
			name = "[CP] Check Pods Manifest.lock";
			outputFileListPaths = (
			);
			outputPaths = (
				"$(DERIVED_FILE_DIR)/Pods-PTC_IOS_TEST-checkManifestLockResult.txt",
			);
			runOnlyForDeploymentPostprocessing = 0;
			shellPath = /bin/sh;
			shellScript = "diff \"${PODS_PODFILE_DIR_PATH}/Podfile.lock\" \"${PODS_ROOT}/Manifest.lock\" > /dev/null\nif [ $? != 0 ] ; then\n    # print error to STDERR\n    echo \"error: The sandbox is not in sync with the Podfile.lock. Run 'pod install' or update your CocoaPods installation.\" >&2\n    exit 1\nfi\n# This output is used by Xcode 'outputs' to avoid re-running this script phase.\necho \"SUCCESS\" > \"${SCRIPT_OUTPUT_FILE_0}\"\n";
			showEnvVarsInLog = 0;
		};
		532DE6EAE6B0D865248FFD62 /* [CP] Embed Pods Frameworks */ = {
			isa = PBXShellScriptBuildPhase;
			buildActionMask = 2147483647;
			files = (
			);
			inputFileListPaths = (
				"${PODS_ROOT}/Target Support Files/Pods-PTC_IOS_TEST/Pods-PTC_IOS_TEST-frameworks-${CONFIGURATION}-input-files.xcfilelist",
			);
			name = "[CP] Embed Pods Frameworks";
			outputFileListPaths = (
				"${PODS_ROOT}/Target Support Files/Pods-PTC_IOS_TEST/Pods-PTC_IOS_TEST-frameworks-${CONFIGURATION}-output-files.xcfilelist",
			);
			runOnlyForDeploymentPostprocessing = 0;
			shellPath = /bin/sh;
			shellScript = "\"${PODS_ROOT}/Target Support Files/Pods-PTC_IOS_TEST/Pods-PTC_IOS_TEST-frameworks.sh\"\n";
			showEnvVarsInLog = 0;
		};
/* End PBXShellScriptBuildPhase section */

/* Begin PBXSourcesBuildPhase section */
		6830A59222C51C9D00C62108 /* Sources */ = {
			isa = PBXSourcesBuildPhase;
			buildActionMask = 2147483647;
			files = (
				C7722EB326F3EC49005FD41E /* BaseAPIClient.swift in Sources */,
				C760EBCE26F4E88400D8FA87 /* ProductsViewController.swift in Sources */,
				C760EBC126F4B28F00D8FA87 /* SearchForProductCoordinator.swift in Sources */,
				C7722EB026F3EC03005FD41E /* RouterRequestConvertible.swift in Sources */,
				C760EBC726F4CDD600D8FA87 /* SearchViewController.swift in Sources */,
				C760EBBC26F49CDB00D8FA87 /* AppCoordinator.swift in Sources */,
				C768D77A26F5A9ED00815FFF /* ProductsViewModel.swift in Sources */,
				C768D77D26F5AB3D00815FFF /* ProductsAPIClient.swift in Sources */,
				C768D77726F5A7D100815FFF /* UIString+Extension.swift in Sources */,
				C768D78026F5DE6800815FFF /* ProductsCoordinator.swift in Sources */,
				C760EBC326F4BD9B00D8FA87 /* SearchForProductViewModel.swift in Sources */,
				C719DB5826F67AE900C6CE7D /* ProductDetailsCollectionViewCell.swift in Sources */,
				C760EBD626F4EED900D8FA87 /* StarRatingView.swift in Sources */,
				C7722EB826F3F12E005FD41E /* Environment.swift in Sources */,
				C760EBA626F45E9500D8FA87 /* CustomSplashViewModel.swift in Sources */,
				C762749B26F6664400B5EFAC /* ProductDetailsViewController.swift in Sources */,
				C7722EAF26F3EC03005FD41E /* Endpoints.swift in Sources */,
				C768D77526F59BFE00815FFF /* UIImageView+Eextension.swift in Sources */,
				C760EBBE26F4A83500D8FA87 /* CustomSplashCoordinator.swift in Sources */,
				C760EBB426F482DB00D8FA87 /* Product.swift in Sources */,
				C760EBA126F458BC00D8FA87 /* CustomSplashViewController.swift in Sources */,
				C719DB5B26F67B8400C6CE7D /* ProductDetails.swift in Sources */,
				C760EB9D26F4565000D8FA87 /* UserDataManager.swift in Sources */,
				C7722EB626F3EC81005FD41E /* ConfigurationAPIClient.swift in Sources */,
				C7722EBC26F3F1CA005FD41E /* Configuration.swift in Sources */,
				C719DB5D26F6886600C6CE7D /* ProducrDetailsViewModel.swift in Sources */,
				C760EBD326F4E8C900D8FA87 /* ProductCollectionViewCell.swift in Sources */,
				C762749F26F6666500B5EFAC /* ProductDetailsCoordinator.swift in Sources */,
				C760EBD926F4F19900D8FA87 /* UIView+Extension.swift in Sources */,
				C768D78226F6092100815FFF /* CustomFlowLayout.swift in Sources */,
				6830A59A22C51C9D00C62108 /* AppDelegate.swift in Sources */,
				C768D78426F6199D00815FFF /* ReactiveExtensiones.swift in Sources */,
			);
			runOnlyForDeploymentPostprocessing = 0;
		};
		C75E119C26F6B17F001047AA /* Sources */ = {
			isa = PBXSourcesBuildPhase;
			buildActionMask = 2147483647;
			files = (
				C75E11A326F6B17F001047AA /* PTC_IOS_TEST_Tests.swift in Sources */,
			);
			runOnlyForDeploymentPostprocessing = 0;
		};
/* End PBXSourcesBuildPhase section */

/* Begin PBXTargetDependency section */
		C75E11A626F6B17F001047AA /* PBXTargetDependency */ = {
			isa = PBXTargetDependency;
			target = 6830A59522C51C9D00C62108 /* PTC_IOS_TEST */;
			targetProxy = C75E11A526F6B17F001047AA /* PBXContainerItemProxy */;
		};
/* End PBXTargetDependency section */

/* Begin PBXVariantGroup section */
		6830A5A222C51C9E00C62108 /* LaunchScreen.storyboard */ = {
			isa = PBXVariantGroup;
			children = (
				6830A5A322C51C9E00C62108 /* Base */,
			);
			name = LaunchScreen.storyboard;
			sourceTree = "<group>";
		};
/* End PBXVariantGroup section */

/* Begin XCBuildConfiguration section */
		6830A5A622C51C9E00C62108 /* Debug */ = {
			isa = XCBuildConfiguration;
			buildSettings = {
				ALWAYS_SEARCH_USER_PATHS = NO;
				CLANG_ANALYZER_NONNULL = YES;
				CLANG_ANALYZER_NUMBER_OBJECT_CONVERSION = YES_AGGRESSIVE;
				CLANG_CXX_LANGUAGE_STANDARD = "gnu++14";
				CLANG_CXX_LIBRARY = "libc++";
				CLANG_ENABLE_MODULES = YES;
				CLANG_ENABLE_OBJC_ARC = YES;
				CLANG_ENABLE_OBJC_WEAK = YES;
				CLANG_WARN_BLOCK_CAPTURE_AUTORELEASING = YES;
				CLANG_WARN_BOOL_CONVERSION = YES;
				CLANG_WARN_COMMA = YES;
				CLANG_WARN_CONSTANT_CONVERSION = YES;
				CLANG_WARN_DEPRECATED_OBJC_IMPLEMENTATIONS = YES;
				CLANG_WARN_DIRECT_OBJC_ISA_USAGE = YES_ERROR;
				CLANG_WARN_DOCUMENTATION_COMMENTS = YES;
				CLANG_WARN_EMPTY_BODY = YES;
				CLANG_WARN_ENUM_CONVERSION = YES;
				CLANG_WARN_INFINITE_RECURSION = YES;
				CLANG_WARN_INT_CONVERSION = YES;
				CLANG_WARN_NON_LITERAL_NULL_CONVERSION = YES;
				CLANG_WARN_OBJC_IMPLICIT_RETAIN_SELF = YES;
				CLANG_WARN_OBJC_LITERAL_CONVERSION = YES;
				CLANG_WARN_OBJC_ROOT_CLASS = YES_ERROR;
				CLANG_WARN_RANGE_LOOP_ANALYSIS = YES;
				CLANG_WARN_STRICT_PROTOTYPES = YES;
				CLANG_WARN_SUSPICIOUS_MOVE = YES;
				CLANG_WARN_UNGUARDED_AVAILABILITY = YES_AGGRESSIVE;
				CLANG_WARN_UNREACHABLE_CODE = YES;
				CLANG_WARN__DUPLICATE_METHOD_MATCH = YES;
				CODE_SIGN_IDENTITY = "iPhone Developer";
				COPY_PHASE_STRIP = NO;
				DEBUG_INFORMATION_FORMAT = dwarf;
				ENABLE_STRICT_OBJC_MSGSEND = YES;
				ENABLE_TESTABILITY = YES;
				GCC_C_LANGUAGE_STANDARD = gnu11;
				GCC_DYNAMIC_NO_PIC = NO;
				GCC_NO_COMMON_BLOCKS = YES;
				GCC_OPTIMIZATION_LEVEL = 0;
				GCC_PREPROCESSOR_DEFINITIONS = (
					"DEBUG=1",
					"$(inherited)",
				);
				GCC_WARN_64_TO_32_BIT_CONVERSION = YES;
				GCC_WARN_ABOUT_RETURN_TYPE = YES_ERROR;
				GCC_WARN_UNDECLARED_SELECTOR = YES;
				GCC_WARN_UNINITIALIZED_AUTOS = YES_AGGRESSIVE;
				GCC_WARN_UNUSED_FUNCTION = YES;
				GCC_WARN_UNUSED_VARIABLE = YES;
				IPHONEOS_DEPLOYMENT_TARGET = 13.0;
				MTL_ENABLE_DEBUG_INFO = INCLUDE_SOURCE;
				MTL_FAST_MATH = YES;
				ONLY_ACTIVE_ARCH = YES;
				SDKROOT = iphoneos;
				SWIFT_ACTIVE_COMPILATION_CONDITIONS = DEBUG;
				SWIFT_OPTIMIZATION_LEVEL = "-Onone";
			};
			name = Debug;
		};
		6830A5A722C51C9E00C62108 /* Release */ = {
			isa = XCBuildConfiguration;
			buildSettings = {
				ALWAYS_SEARCH_USER_PATHS = NO;
				CLANG_ANALYZER_NONNULL = YES;
				CLANG_ANALYZER_NUMBER_OBJECT_CONVERSION = YES_AGGRESSIVE;
				CLANG_CXX_LANGUAGE_STANDARD = "gnu++14";
				CLANG_CXX_LIBRARY = "libc++";
				CLANG_ENABLE_MODULES = YES;
				CLANG_ENABLE_OBJC_ARC = YES;
				CLANG_ENABLE_OBJC_WEAK = YES;
				CLANG_WARN_BLOCK_CAPTURE_AUTORELEASING = YES;
				CLANG_WARN_BOOL_CONVERSION = YES;
				CLANG_WARN_COMMA = YES;
				CLANG_WARN_CONSTANT_CONVERSION = YES;
				CLANG_WARN_DEPRECATED_OBJC_IMPLEMENTATIONS = YES;
				CLANG_WARN_DIRECT_OBJC_ISA_USAGE = YES_ERROR;
				CLANG_WARN_DOCUMENTATION_COMMENTS = YES;
				CLANG_WARN_EMPTY_BODY = YES;
				CLANG_WARN_ENUM_CONVERSION = YES;
				CLANG_WARN_INFINITE_RECURSION = YES;
				CLANG_WARN_INT_CONVERSION = YES;
				CLANG_WARN_NON_LITERAL_NULL_CONVERSION = YES;
				CLANG_WARN_OBJC_IMPLICIT_RETAIN_SELF = YES;
				CLANG_WARN_OBJC_LITERAL_CONVERSION = YES;
				CLANG_WARN_OBJC_ROOT_CLASS = YES_ERROR;
				CLANG_WARN_RANGE_LOOP_ANALYSIS = YES;
				CLANG_WARN_STRICT_PROTOTYPES = YES;
				CLANG_WARN_SUSPICIOUS_MOVE = YES;
				CLANG_WARN_UNGUARDED_AVAILABILITY = YES_AGGRESSIVE;
				CLANG_WARN_UNREACHABLE_CODE = YES;
				CLANG_WARN__DUPLICATE_METHOD_MATCH = YES;
				CODE_SIGN_IDENTITY = "iPhone Developer";
				COPY_PHASE_STRIP = NO;
				DEBUG_INFORMATION_FORMAT = "dwarf-with-dsym";
				ENABLE_NS_ASSERTIONS = NO;
				ENABLE_STRICT_OBJC_MSGSEND = YES;
				GCC_C_LANGUAGE_STANDARD = gnu11;
				GCC_NO_COMMON_BLOCKS = YES;
				GCC_WARN_64_TO_32_BIT_CONVERSION = YES;
				GCC_WARN_ABOUT_RETURN_TYPE = YES_ERROR;
				GCC_WARN_UNDECLARED_SELECTOR = YES;
				GCC_WARN_UNINITIALIZED_AUTOS = YES_AGGRESSIVE;
				GCC_WARN_UNUSED_FUNCTION = YES;
				GCC_WARN_UNUSED_VARIABLE = YES;
				IPHONEOS_DEPLOYMENT_TARGET = 13.0;
				MTL_ENABLE_DEBUG_INFO = NO;
				MTL_FAST_MATH = YES;
				SDKROOT = iphoneos;
				SWIFT_COMPILATION_MODE = wholemodule;
				SWIFT_OPTIMIZATION_LEVEL = "-O";
				VALIDATE_PRODUCT = YES;
			};
			name = Release;
		};
		6830A5A922C51C9E00C62108 /* Debug */ = {
			isa = XCBuildConfiguration;
			baseConfigurationReference = F74AB96EC3BCA3CA352C2314 /* Pods-PTC_IOS_TEST.debug.xcconfig */;
			buildSettings = {
				ASSETCATALOG_COMPILER_APPICON_NAME = AppIcon;
				CODE_SIGN_STYLE = Automatic;
				INFOPLIST_FILE = PTC_IOS_TEST/Configuration/Info.plist;
				LD_RUNPATH_SEARCH_PATHS = (
					"$(inherited)",
					"@executable_path/Frameworks",
				);
				PRODUCT_BUNDLE_IDENTIFIER = "com.jumia.PTC-IOS-TEST";
				PRODUCT_NAME = "$(TARGET_NAME)";
				SWIFT_VERSION = 5.0;
				TARGETED_DEVICE_FAMILY = "1,2";
			};
			name = Debug;
		};
		6830A5AA22C51C9E00C62108 /* Release */ = {
			isa = XCBuildConfiguration;
			baseConfigurationReference = F53062E365839F4ADEE67F0D /* Pods-PTC_IOS_TEST.release.xcconfig */;
			buildSettings = {
				ASSETCATALOG_COMPILER_APPICON_NAME = AppIcon;
				CODE_SIGN_STYLE = Automatic;
				INFOPLIST_FILE = PTC_IOS_TEST/Configuration/Info.plist;
				LD_RUNPATH_SEARCH_PATHS = (
					"$(inherited)",
					"@executable_path/Frameworks",
				);
				PRODUCT_BUNDLE_IDENTIFIER = "com.jumia.PTC-IOS-TEST";
				PRODUCT_NAME = "$(TARGET_NAME)";
				SWIFT_VERSION = 5.0;
				TARGETED_DEVICE_FAMILY = "1,2";
			};
			name = Release;
		};
		C75E11A726F6B17F001047AA /* Debug */ = {
			isa = XCBuildConfiguration;
			buildSettings = {
				BUNDLE_LOADER = "$(TEST_HOST)";
				CODE_SIGN_STYLE = Automatic;
				INFOPLIST_FILE = "PTC_IOS_TEST Tests/Info.plist";
				IPHONEOS_DEPLOYMENT_TARGET = 13.7;
				LD_RUNPATH_SEARCH_PATHS = (
					"$(inherited)",
					"@executable_path/Frameworks",
					"@loader_path/Frameworks",
				);
				PRODUCT_BUNDLE_IDENTIFIER = "BSS.PTC-IOS-TEST-Tests";
				PRODUCT_NAME = "$(TARGET_NAME)";
				SWIFT_VERSION = 5.0;
				TARGETED_DEVICE_FAMILY = "1,2";
				TEST_HOST = "$(BUILT_PRODUCTS_DIR)/PTC_IOS_TEST.app/PTC_IOS_TEST";
			};
			name = Debug;
		};
		C75E11A826F6B17F001047AA /* Release */ = {
			isa = XCBuildConfiguration;
			buildSettings = {
				BUNDLE_LOADER = "$(TEST_HOST)";
				CODE_SIGN_STYLE = Automatic;
				INFOPLIST_FILE = "PTC_IOS_TEST Tests/Info.plist";
				IPHONEOS_DEPLOYMENT_TARGET = 13.7;
				LD_RUNPATH_SEARCH_PATHS = (
					"$(inherited)",
					"@executable_path/Frameworks",
					"@loader_path/Frameworks",
				);
				PRODUCT_BUNDLE_IDENTIFIER = "BSS.PTC-IOS-TEST-Tests";
				PRODUCT_NAME = "$(TARGET_NAME)";
				SWIFT_VERSION = 5.0;
				TARGETED_DEVICE_FAMILY = "1,2";
				TEST_HOST = "$(BUILT_PRODUCTS_DIR)/PTC_IOS_TEST.app/PTC_IOS_TEST";
			};
			name = Release;
		};
/* End XCBuildConfiguration section */

/* Begin XCConfigurationList section */
		6830A59122C51C9D00C62108 /* Build configuration list for PBXProject "PTC_IOS_TEST" */ = {
			isa = XCConfigurationList;
			buildConfigurations = (
				6830A5A622C51C9E00C62108 /* Debug */,
				6830A5A722C51C9E00C62108 /* Release */,
			);
			defaultConfigurationIsVisible = 0;
			defaultConfigurationName = Release;
		};
		6830A5A822C51C9E00C62108 /* Build configuration list for PBXNativeTarget "PTC_IOS_TEST" */ = {
			isa = XCConfigurationList;
			buildConfigurations = (
				6830A5A922C51C9E00C62108 /* Debug */,
				6830A5AA22C51C9E00C62108 /* Release */,
			);
			defaultConfigurationIsVisible = 0;
			defaultConfigurationName = Release;
		};
		C75E11A926F6B17F001047AA /* Build configuration list for PBXNativeTarget "PTC_IOS_TEST Tests" */ = {
			isa = XCConfigurationList;
			buildConfigurations = (
				C75E11A726F6B17F001047AA /* Debug */,
				C75E11A826F6B17F001047AA /* Release */,
			);
			defaultConfigurationIsVisible = 0;
			defaultConfigurationName = Release;
		};
/* End XCConfigurationList section */

/* Begin XCRemoteSwiftPackageReference section */
		C760EBA726F45F0100D8FA87 /* XCRemoteSwiftPackageReference "RxSwift" */ = {
			isa = XCRemoteSwiftPackageReference;
			repositoryURL = "https://github.com/ReactiveX/RxSwift.git";
			requirement = {
				kind = upToNextMajorVersion;
				minimumVersion = 6.2.0;
			};
		};
/* End XCRemoteSwiftPackageReference section */

/* Begin XCSwiftPackageProductDependency section */
		C760EBA826F45F0100D8FA87 /* RxSwift */ = {
			isa = XCSwiftPackageProductDependency;
			package = C760EBA726F45F0100D8FA87 /* XCRemoteSwiftPackageReference "RxSwift" */;
			productName = RxSwift;
		};
		C760EBAA26F45F0100D8FA87 /* RxCocoa */ = {
			isa = XCSwiftPackageProductDependency;
			package = C760EBA726F45F0100D8FA87 /* XCRemoteSwiftPackageReference "RxSwift" */;
			productName = RxCocoa;
		};
/* End XCSwiftPackageProductDependency section */
	};
	rootObject = 6830A58E22C51C9D00C62108 /* Project object */;
}
